
Microsoft Visual Studio Solution File, Format Version 12.00
# Visual Studio Version 16
VisualStudioVersion = 16.0.31624.102
MinimumVisualStudioVersion = 10.0.40219.1
Project("{FAE04EC0-301F-11D3-BF4B-00C04F79EFBC}") = "Difference of volumes of rectangular parallelepipeds", "Difference of volumes of rectangular parallelepipeds\Difference of volumes of rectangular parallelepipeds.csproj", "{4BB9DFD9-40AB-4B93-AC31-ED635695B7B4}"
EndProject
Global
	GlobalSection(SolutionConfigurationPlatforms) = preSolution
		Debug|Any CPU = Debug|Any CPU
		Release|Any CPU = Release|Any CPU
	EndGlobalSection
	GlobalSection(ProjectConfigurationPlatforms) = postSolution
		{4BB9DFD9-40AB-4B93-AC31-ED635695B7B4}.Debug|Any CPU.ActiveCfg = Debug|Any CPU
		{4BB9DFD9-40AB-4B93-AC31-ED635695B7B4}.Debug|Any CPU.Build.0 = Debug|Any CPU
		{4BB9DFD9-40AB-4B93-AC31-ED635695B7B4}.Release|Any CPU.ActiveCfg = Release|Any CPU
		{4BB9DFD9-40AB-4B93-AC31-ED635695B7B4}.Release|Any CPU.Build.0 = Release|Any CPU
	EndGlobalSection
	GlobalSection(SolutionProperties) = preSolution
		HideSolutionNode = FALSE
	EndGlobalSection
	GlobalSection(ExtensibilityGlobals) = postSolution
		SolutionGuid = {A0DD2A4E-E2A8-4B85-8C15-CADDB126EE4D}
	EndGlobalSection
EndGlobal
